
Microsoft Visual Studio Solution File, Format Version 12.00
# Visual Studio Version 17
VisualStudioVersion = 17.10.35027.167
MinimumVisualStudioVersion = 10.0.40219.1
Project("{FAE04EC0-301F-11D3-BF4B-00C04F79EFBC}") = "CoffeeShop.PointOfSale.EntityFramework", "CoffeeShop.PointOfSale.EntityFramework.csproj", "{5BD0BD6C-25D5-42FC-BA10-FBF7ED3A97D1}"
EndProject
Global
	GlobalSection(SolutionConfigurationPlatforms) = preSolution
		Debug|Any CPU = Debug|Any CPU
		Release|Any CPU = Release|Any CPU
	EndGlobalSection
	GlobalSection(ProjectConfigurationPlatforms) = postSolution
		{5BD0BD6C-25D5-42FC-BA10-FBF7ED3A97D1}.Debug|Any CPU.ActiveCfg = Debug|Any CPU
		{5BD0BD6C-25D5-42FC-BA10-FBF7ED3A97D1}.Debug|Any CPU.Build.0 = Debug|Any CPU
		{5BD0BD6C-25D5-42FC-BA10-FBF7ED3A97D1}.Release|Any CPU.ActiveCfg = Release|Any CPU
		{5BD0BD6C-25D5-42FC-BA10-FBF7ED3A97D1}.Release|Any CPU.Build.0 = Release|Any CPU
	EndGlobalSection
	GlobalSection(SolutionProperties) = preSolution
		HideSolutionNode = FALSE
	EndGlobalSection
	GlobalSection(ExtensibilityGlobals) = postSolution
		SolutionGuid = {D25B00D2-1C46-47D9-8B81-2D8648E1F905}
	EndGlobalSection
EndGlobal
